
Microsoft Visual Studio Solution File, Format Version 12.00
# Visual Studio Version 16
VisualStudioVersion = 16.0.29709.97
MinimumVisualStudioVersion = 10.0.40219.1
Project("{FAE04EC0-301F-11D3-BF4B-00C04F79EFBC}") = "WerZaehltWo3", "WerZaehltWo3\WerZaehltWo3.csproj", "{7B37CD00-5946-4331-A600-32EB5625A89C}"
EndProject
Project("{FAE04EC0-301F-11D3-BF4B-00C04F79EFBC}") = "Tests.Gui", "Tests.Gui\Tests.Gui.csproj", "{92B8A64C-974B-476A-B589-5B33576428FD}"
EndProject
Project("{FAE04EC0-301F-11D3-BF4B-00C04F79EFBC}") = "Tests.Unit", "Tests.Unit\Tests.Unit.csproj", "{831D75AD-BD61-4968-9629-A14A4C24A675}"
EndProject
Project("{FAE04EC0-301F-11D3-BF4B-00C04F79EFBC}") = "Tests.Server", "Tests.Server\Tests.Server.csproj", "{EDD6FB90-4FD9-44EE-A908-4154F742BA71}"
EndProject
Project("{FAE04EC0-301F-11D3-BF4B-00C04F79EFBC}") = "Tests.Client", "Tests.Client\Tests.Client.csproj", "{137181AB-BAEB-4A46-9F06-51A01395DA3E}"
EndProject
Project("{FAE04EC0-301F-11D3-BF4B-00C04F79EFBC}") = "ObjectModel", "ObjectModel\ObjectModel.csproj", "{8F506022-1E7C-474A-892E-AD14EE521143}"
EndProject
Project("{FAE04EC0-301F-11D3-BF4B-00C04F79EFBC}") = "Common", "Common\Common.csproj", "{9EF114EB-6E13-457B-8DEA-D6D7C29EA1C4}"
EndProject
Project("{2150E333-8FDC-42A3-9474-1A3956D46DE8}") = "Tests", "Tests", "{DCFEB816-58C7-414A-86E0-16EAE415E9DA}"
EndProject
Project("{2150E333-8FDC-42A3-9474-1A3956D46DE8}") = "Solution Items", "Solution Items", "{BFFF1EAD-AABD-44B5-824F-25A0E0E15987}"
	ProjectSection(SolutionItems) = preProject
		.editorconfig = .editorconfig
	EndProjectSection
EndProject
Global
	GlobalSection(SolutionConfigurationPlatforms) = preSolution
		Debug|Any CPU = Debug|Any CPU
		Release|Any CPU = Release|Any CPU
	EndGlobalSection
	GlobalSection(ProjectConfigurationPlatforms) = postSolution
		{7B37CD00-5946-4331-A600-32EB5625A89C}.Debug|Any CPU.ActiveCfg = Debug|Any CPU
		{7B37CD00-5946-4331-A600-32EB5625A89C}.Debug|Any CPU.Build.0 = Debug|Any CPU
		{7B37CD00-5946-4331-A600-32EB5625A89C}.Release|Any CPU.ActiveCfg = Release|Any CPU
		{7B37CD00-5946-4331-A600-32EB5625A89C}.Release|Any CPU.Build.0 = Release|Any CPU
		{92B8A64C-974B-476A-B589-5B33576428FD}.Debug|Any CPU.ActiveCfg = Debug|Any CPU
		{92B8A64C-974B-476A-B589-5B33576428FD}.Debug|Any CPU.Build.0 = Debug|Any CPU
		{92B8A64C-974B-476A-B589-5B33576428FD}.Release|Any CPU.ActiveCfg = Release|Any CPU
		{92B8A64C-974B-476A-B589-5B33576428FD}.Release|Any CPU.Build.0 = Release|Any CPU
		{831D75AD-BD61-4968-9629-A14A4C24A675}.Debug|Any CPU.ActiveCfg = Debug|Any CPU
		{831D75AD-BD61-4968-9629-A14A4C24A675}.Debug|Any CPU.Build.0 = Debug|Any CPU
		{831D75AD-BD61-4968-9629-A14A4C24A675}.Release|Any CPU.ActiveCfg = Release|Any CPU
		{831D75AD-BD61-4968-9629-A14A4C24A675}.Release|Any CPU.Build.0 = Release|Any CPU
		{EDD6FB90-4FD9-44EE-A908-4154F742BA71}.Debug|Any CPU.ActiveCfg = Debug|Any CPU
		{EDD6FB90-4FD9-44EE-A908-4154F742BA71}.Debug|Any CPU.Build.0 = Debug|Any CPU
		{EDD6FB90-4FD9-44EE-A908-4154F742BA71}.Release|Any CPU.ActiveCfg = Release|Any CPU
		{EDD6FB90-4FD9-44EE-A908-4154F742BA71}.Release|Any CPU.Build.0 = Release|Any CPU
		{137181AB-BAEB-4A46-9F06-51A01395DA3E}.Debug|Any CPU.ActiveCfg = Debug|Any CPU
		{137181AB-BAEB-4A46-9F06-51A01395DA3E}.Debug|Any CPU.Build.0 = Debug|Any CPU
		{137181AB-BAEB-4A46-9F06-51A01395DA3E}.Release|Any CPU.ActiveCfg = Release|Any CPU
		{137181AB-BAEB-4A46-9F06-51A01395DA3E}.Release|Any CPU.Build.0 = Release|Any CPU
		{8F506022-1E7C-474A-892E-AD14EE521143}.Debug|Any CPU.ActiveCfg = Debug|Any CPU
		{8F506022-1E7C-474A-892E-AD14EE521143}.Debug|Any CPU.Build.0 = Debug|Any CPU
		{8F506022-1E7C-474A-892E-AD14EE521143}.Release|Any CPU.ActiveCfg = Release|Any CPU
		{8F506022-1E7C-474A-892E-AD14EE521143}.Release|Any CPU.Build.0 = Release|Any CPU
		{9EF114EB-6E13-457B-8DEA-D6D7C29EA1C4}.Debug|Any CPU.ActiveCfg = Debug|Any CPU
		{9EF114EB-6E13-457B-8DEA-D6D7C29EA1C4}.Debug|Any CPU.Build.0 = Debug|Any CPU
		{9EF114EB-6E13-457B-8DEA-D6D7C29EA1C4}.Release|Any CPU.ActiveCfg = Release|Any CPU
		{9EF114EB-6E13-457B-8DEA-D6D7C29EA1C4}.Release|Any CPU.Build.0 = Release|Any CPU
	EndGlobalSection
	GlobalSection(SolutionProperties) = preSolution
		HideSolutionNode = FALSE
	EndGlobalSection
	GlobalSection(NestedProjects) = preSolution
		{92B8A64C-974B-476A-B589-5B33576428FD} = {DCFEB816-58C7-414A-86E0-16EAE415E9DA}
		{831D75AD-BD61-4968-9629-A14A4C24A675} = {DCFEB816-58C7-414A-86E0-16EAE415E9DA}
		{EDD6FB90-4FD9-44EE-A908-4154F742BA71} = {DCFEB816-58C7-414A-86E0-16EAE415E9DA}
		{137181AB-BAEB-4A46-9F06-51A01395DA3E} = {DCFEB816-58C7-414A-86E0-16EAE415E9DA}
	EndGlobalSection
	GlobalSection(ExtensibilityGlobals) = postSolution
		SolutionGuid = {EC924A90-F3BC-42F6-B5C3-7FE76F9A75EF}
	EndGlobalSection
EndGlobal
